// !$*UTF8*$!
{
	archiveVersion = 1;
	classes = {
	};
	objectVersion = 46;
	objects = {

/* Begin PBXBuildFile section */
		6E09B25F1C9AFF5B00C2A7F3 /* BillLists.plist in Resources */ = {isa = PBXBuildFile; fileRef = 6E09B25E1C9AFF5B00C2A7F3 /* BillLists.plist */; };
		6E09B2611C9B153400C2A7F3 /* CoreData.framework in Frameworks */ = {isa = PBXBuildFile; fileRef = 6E09B2601C9B153400C2A7F3 /* CoreData.framework */; };
		6E09B2851C9B1AAD00C2A7F3 /* bill.xcdatamodeld in Sources */ = {isa = PBXBuildFile; fileRef = 6E09B2831C9B1AAD00C2A7F3 /* bill.xcdatamodeld */; };
		6E09B28E1C9B1C8500C2A7F3 /* BillManagedObject+CoreDataProperties.swift in Sources */ = {isa = PBXBuildFile; fileRef = 6E09B28C1C9B1C8500C2A7F3 /* BillManagedObject+CoreDataProperties.swift */; };
		6E09B28F1C9B1C8500C2A7F3 /* BillManagedObject.swift in Sources */ = {isa = PBXBuildFile; fileRef = 6E09B28D1C9B1C8500C2A7F3 /* BillManagedObject.swift */; };
		6E09B2911C9B1CD100C2A7F3 /* Bill.swift in Sources */ = {isa = PBXBuildFile; fileRef = 6E09B2901C9B1CD100C2A7F3 /* Bill.swift */; };
		6E09B2971C9B2AEF00C2A7F3 /* SQLiteDB.swift in Sources */ = {isa = PBXBuildFile; fileRef = 6E09B2941C9B2AEF00C2A7F3 /* SQLiteDB.swift */; };
		6E09B2981C9B2AEF00C2A7F3 /* SQLTable.swift in Sources */ = {isa = PBXBuildFile; fileRef = 6E09B2951C9B2AEF00C2A7F3 /* SQLTable.swift */; };
		6E09B2991C9B2AEF00C2A7F3 /* String-Extras.swift in Sources */ = {isa = PBXBuildFile; fileRef = 6E09B2961C9B2AEF00C2A7F3 /* String-Extras.swift */; };
		6E09B29F1C9B2F7F00C2A7F3 /* data.db in Resources */ = {isa = PBXBuildFile; fileRef = 6E09B29E1C9B2F7F00C2A7F3 /* data.db */; };
		6E4D67F21C949C7300927CFD /* AppDelegate.swift in Sources */ = {isa = PBXBuildFile; fileRef = 6E4D67F11C949C7300927CFD /* AppDelegate.swift */; };
		6E4D67F41C949C7300927CFD /* ViewController.swift in Sources */ = {isa = PBXBuildFile; fileRef = 6E4D67F31C949C7300927CFD /* ViewController.swift */; };
		6E4D67F71C949C7300927CFD /* Main.storyboard in Resources */ = {isa = PBXBuildFile; fileRef = 6E4D67F51C949C7300927CFD /* Main.storyboard */; };
		6E4D67F91C949C7300927CFD /* Assets.xcassets in Resources */ = {isa = PBXBuildFile; fileRef = 6E4D67F81C949C7300927CFD /* Assets.xcassets */; };
		6E4D67FC1C949C7300927CFD /* LaunchScreen.storyboard in Resources */ = {isa = PBXBuildFile; fileRef = 6E4D67FA1C949C7300927CFD /* LaunchScreen.storyboard */; };
		6E4D68061C949EA700927CFD /* RootView.swift in Sources */ = {isa = PBXBuildFile; fileRef = 6E4D68051C949EA700927CFD /* RootView.swift */; };
		6E4D68081C94A4F200927CFD /* MonthBillList.swift in Sources */ = {isa = PBXBuildFile; fileRef = 6E4D68071C94A4F200927CFD /* MonthBillList.swift */; };
		6E4FD57B1C9AD3B400BE18D5 /* libsqlite3.tbd in Frameworks */ = {isa = PBXBuildFile; fileRef = 6E4FD57A1C9AD3B400BE18D5 /* libsqlite3.tbd */; };
		6E67E4131C987D500037D539 /* AddBill.swift in Sources */ = {isa = PBXBuildFile; fileRef = 6E67E4121C987D500037D539 /* AddBill.swift */; };
		6EA603701C95FA2700C44733 /* ProtoCell.swift in Sources */ = {isa = PBXBuildFile; fileRef = 6EA6036E1C95FA2700C44733 /* ProtoCell.swift */; };
		6EA603711C95FA2700C44733 /* ProtoCell.xib in Resources */ = {isa = PBXBuildFile; fileRef = 6EA6036F1C95FA2700C44733 /* ProtoCell.xib */; };
/* End PBXBuildFile section */

/* Begin PBXFileReference section */
		6E09B2581C9AF80C00C2A7F3 /* Include.h */ = {isa = PBXFileReference; lastKnownFileType = sourcecode.c.h; path = Include.h; sourceTree = "<group>"; };
		6E09B25B1C9AFD6800C2A7F3 /* Bill3-Bridging-Header.h */ = {isa = PBXFileReference; lastKnownFileType = sourcecode.c.h; path = "Bill3-Bridging-Header.h"; sourceTree = "<group>"; };
		6E09B25E1C9AFF5B00C2A7F3 /* BillLists.plist */ = {isa = PBXFileReference; fileEncoding = 4; lastKnownFileType = text.plist.xml; path = BillLists.plist; sourceTree = "<group>"; };
		6E09B2601C9B153400C2A7F3 /* CoreData.framework */ = {isa = PBXFileReference; lastKnownFileType = wrapper.framework; name = CoreData.framework; path = System/Library/Frameworks/CoreData.framework; sourceTree = SDKROOT; };
		6E09B2841C9B1AAD00C2A7F3 /* bill.xcdatamodel */ = {isa = PBXFileReference; lastKnownFileType = wrapper.xcdatamodel; path = bill.xcdatamodel; sourceTree = "<group>"; };
		6E09B28C1C9B1C8500C2A7F3 /* BillManagedObject+CoreDataProperties.swift */ = {isa = PBXFileReference; fileEncoding = 4; lastKnownFileType = sourcecode.swift; name = "BillManagedObject+CoreDataProperties.swift"; path = "../BillManagedObject+CoreDataProperties.swift"; sourceTree = "<group>"; };
		6E09B28D1C9B1C8500C2A7F3 /* BillManagedObject.swift */ = {isa = PBXFileReference; fileEncoding = 4; lastKnownFileType = sourcecode.swift; name = BillManagedObject.swift; path = ../BillManagedObject.swift; sourceTree = "<group>"; };
		6E09B2901C9B1CD100C2A7F3 /* Bill.swift */ = {isa = PBXFileReference; fileEncoding = 4; lastKnownFileType = sourcecode.swift; path = Bill.swift; sourceTree = "<group>"; };
		6E09B2941C9B2AEF00C2A7F3 /* SQLiteDB.swift */ = {isa = PBXFileReference; fileEncoding = 4; lastKnownFileType = sourcecode.swift; path = SQLiteDB.swift; sourceTree = "<group>"; };
		6E09B2951C9B2AEF00C2A7F3 /* SQLTable.swift */ = {isa = PBXFileReference; fileEncoding = 4; lastKnownFileType = sourcecode.swift; path = SQLTable.swift; sourceTree = "<group>"; };
		6E09B2961C9B2AEF00C2A7F3 /* String-Extras.swift */ = {isa = PBXFileReference; fileEncoding = 4; lastKnownFileType = sourcecode.swift; path = "String-Extras.swift"; sourceTree = "<group>"; };
		6E09B29E1C9B2F7F00C2A7F3 /* data.db */ = {isa = PBXFileReference; fileEncoding = 4; lastKnownFileType = text; path = data.db; sourceTree = "<group>"; };
		6E4D67EE1C949C7300927CFD /* Bill3.app */ = {isa = PBXFileReference; explicitFileType = wrapper.application; includeInIndex = 0; path = Bill3.app; sourceTree = BUILT_PRODUCTS_DIR; };
		6E4D67F11C949C7300927CFD /* AppDelegate.swift */ = {isa = PBXFileReference; lastKnownFileType = sourcecode.swift; path = AppDelegate.swift; sourceTree = "<group>"; };
		6E4D67F31C949C7300927CFD /* ViewController.swift */ = {isa = PBXFileReference; lastKnownFileType = sourcecode.swift; path = ViewController.swift; sourceTree = "<group>"; };
		6E4D67F61C949C7300927CFD /* Base */ = {isa = PBXFileReference; lastKnownFileType = file.storyboard; name = Base; path = Base.lproj/Main.storyboard; sourceTree = "<group>"; };
		6E4D67F81C949C7300927CFD /* Assets.xcassets */ = {isa = PBXFileReference; lastKnownFileType = folder.assetcatalog; path = Assets.xcassets; sourceTree = "<group>"; };
		6E4D67FB1C949C7300927CFD /* Base */ = {isa = PBXFileReference; lastKnownFileType = file.storyboard; name = Base; path = Base.lproj/LaunchScreen.storyboard; sourceTree = "<group>"; };
		6E4D67FD1C949C7300927CFD /* Info.plist */ = {isa = PBXFileReference; lastKnownFileType = text.plist.xml; path = Info.plist; sourceTree = "<group>"; };
		6E4D68051C949EA700927CFD /* RootView.swift */ = {isa = PBXFileReference; fileEncoding = 4; lastKnownFileType = sourcecode.swift; path = RootView.swift; sourceTree = "<group>"; };
		6E4D68071C94A4F200927CFD /* MonthBillList.swift */ = {isa = PBXFileReference; fileEncoding = 4; lastKnownFileType = sourcecode.swift; path = MonthBillList.swift; sourceTree = "<group>"; };
		6E4FD57A1C9AD3B400BE18D5 /* libsqlite3.tbd */ = {isa = PBXFileReference; lastKnownFileType = "sourcecode.text-based-dylib-definition"; name = libsqlite3.tbd; path = usr/lib/libsqlite3.tbd; sourceTree = SDKROOT; };
		6E67E4121C987D500037D539 /* AddBill.swift */ = {isa = PBXFileReference; fileEncoding = 4; lastKnownFileType = sourcecode.swift; path = AddBill.swift; sourceTree = "<group>"; };
		6EA6036E1C95FA2700C44733 /* ProtoCell.swift */ = {isa = PBXFileReference; fileEncoding = 4; lastKnownFileType = sourcecode.swift; path = ProtoCell.swift; sourceTree = "<group>"; };
		6EA6036F1C95FA2700C44733 /* ProtoCell.xib */ = {isa = PBXFileReference; fileEncoding = 4; lastKnownFileType = file.xib; path = ProtoCell.xib; sourceTree = "<group>"; };
/* End PBXFileReference section */

/* Begin PBXFrameworksBuildPhase section */
		6E4D67EB1C949C7300927CFD /* Frameworks */ = {
			isa = PBXFrameworksBuildPhase;
			buildActionMask = 2147483647;
			files = (
				6E09B2611C9B153400C2A7F3 /* CoreData.framework in Frameworks */,
				6E4FD57B1C9AD3B400BE18D5 /* libsqlite3.tbd in Frameworks */,
			);
			runOnlyForDeploymentPostprocessing = 0;
		};
/* End PBXFrameworksBuildPhase section */

/* Begin PBXGroup section */
		6E4D67E51C949C7300927CFD = {
			isa = PBXGroup;
			children = (
				6E4D67F01C949C7300927CFD /* Bill3 */,
				6E4D67EF1C949C7300927CFD /* Products */,
			);
			sourceTree = "<group>";
		};
		6E4D67EF1C949C7300927CFD /* Products */ = {
			isa = PBXGroup;
			children = (
				6E4D67EE1C949C7300927CFD /* Bill3.app */,
			);
			name = Products;
			sourceTree = "<group>";
		};
		6E4D67F01C949C7300927CFD /* Bill3 */ = {
			isa = PBXGroup;
			children = (
				6E09B2601C9B153400C2A7F3 /* CoreData.framework */,
				6E4D67F11C949C7300927CFD /* AppDelegate.swift */,
				6E09B2581C9AF80C00C2A7F3 /* Include.h */,
				6E09B2941C9B2AEF00C2A7F3 /* SQLiteDB.swift */,
				6E09B2951C9B2AEF00C2A7F3 /* SQLTable.swift */,
				6E09B2961C9B2AEF00C2A7F3 /* String-Extras.swift */,
				6E4FD57A1C9AD3B400BE18D5 /* libsqlite3.tbd */,
				6E4D67F31C949C7300927CFD /* ViewController.swift */,
				6E09B29E1C9B2F7F00C2A7F3 /* data.db */,
				6E4D67F51C949C7300927CFD /* Main.storyboard */,
				6E4D68071C94A4F200927CFD /* MonthBillList.swift */,
				6E09B25E1C9AFF5B00C2A7F3 /* BillLists.plist */,
				6E09B2901C9B1CD100C2A7F3 /* Bill.swift */,
				6E09B28C1C9B1C8500C2A7F3 /* BillManagedObject+CoreDataProperties.swift */,
				6E09B28D1C9B1C8500C2A7F3 /* BillManagedObject.swift */,
				6E67E4121C987D500037D539 /* AddBill.swift */,
				6E4D68051C949EA700927CFD /* RootView.swift */,
				6E4D67F81C949C7300927CFD /* Assets.xcassets */,
				6E4D67FA1C949C7300927CFD /* LaunchScreen.storyboard */,
				6E4D67FD1C949C7300927CFD /* Info.plist */,
				6E09B2831C9B1AAD00C2A7F3 /* bill.xcdatamodeld */,
				6EA6036E1C95FA2700C44733 /* ProtoCell.swift */,
				6EA6036F1C95FA2700C44733 /* ProtoCell.xib */,
				6E09B25B1C9AFD6800C2A7F3 /* Bill3-Bridging-Header.h */,
			);
			path = Bill3;
			sourceTree = "<group>";
		};
/* End PBXGroup section */

/* Begin PBXNativeTarget section */
		6E4D67ED1C949C7300927CFD /* Bill3 */ = {
			isa = PBXNativeTarget;
			buildConfigurationList = 6E4D68001C949C7300927CFD /* Build configuration list for PBXNativeTarget "Bill3" */;
			buildPhases = (
				6E4D67EA1C949C7300927CFD /* Sources */,
				6E4D67EB1C949C7300927CFD /* Frameworks */,
				6E4D67EC1C949C7300927CFD /* Resources */,
			);
			buildRules = (
			);
			dependencies = (
			);
			name = Bill3;
			productName = Bill3;
			productReference = 6E4D67EE1C949C7300927CFD /* Bill3.app */;
			productType = "com.apple.product-type.application";
		};
/* End PBXNativeTarget section */

/* Begin PBXProject section */
		6E4D67E61C949C7300927CFD /* Project object */ = {
			isa = PBXProject;
			attributes = {
				LastSwiftUpdateCheck = 0720;
				LastUpgradeCheck = 0720;
				ORGANIZATIONNAME = superMT;
				TargetAttributes = {
					6E4D67ED1C949C7300927CFD = {
						CreatedOnToolsVersion = 7.2.1;
						DevelopmentTeam = EY8W4J88BM;
					};
				};
			};
			buildConfigurationList = 6E4D67E91C949C7300927CFD /* Build configuration list for PBXProject "Bill3" */;
			compatibilityVersion = "Xcode 3.2";
			developmentRegion = English;
			hasScannedForEncodings = 0;
			knownRegions = (
				en,
				Base,
			);
			mainGroup = 6E4D67E51C949C7300927CFD;
			productRefGroup = 6E4D67EF1C949C7300927CFD /* Products */;
			projectDirPath = "";
			projectRoot = "";
			targets = (
				6E4D67ED1C949C7300927CFD /* Bill3 */,
			);
		};
/* End PBXProject section */

/* Begin PBXResourcesBuildPhase section */
		6E4D67EC1C949C7300927CFD /* Resources */ = {
			isa = PBXResourcesBuildPhase;
			buildActionMask = 2147483647;
			files = (
				6E4D67FC1C949C7300927CFD /* LaunchScreen.storyboard in Resources */,
				6E09B25F1C9AFF5B00C2A7F3 /* BillLists.plist in Resources */,
				6E4D67F91C949C7300927CFD /* Assets.xcassets in Resources */,
				6E09B29F1C9B2F7F00C2A7F3 /* data.db in Resources */,
				6EA603711C95FA2700C44733 /* ProtoCell.xib in Resources */,
				6E4D67F71C949C7300927CFD /* Main.storyboard in Resources */,
			);
			runOnlyForDeploymentPostprocessing = 0;
		};
/* End PBXResourcesBuildPhase section */

/* Begin PBXSourcesBuildPhase section */
		6E4D67EA1C949C7300927CFD /* Sources */ = {
			isa = PBXSourcesBuildPhase;
			buildActionMask = 2147483647;
			files = (
				6E09B2851C9B1AAD00C2A7F3 /* bill.xcdatamodeld in Sources */,
				6E09B28F1C9B1C8500C2A7F3 /* BillManagedObject.swift in Sources */,
				6E09B2991C9B2AEF00C2A7F3 /* String-Extras.swift in Sources */,
				6E4D67F41C949C7300927CFD /* ViewController.swift in Sources */,
				6E67E4131C987D500037D539 /* AddBill.swift in Sources */,
				6E4D67F21C949C7300927CFD /* AppDelegate.swift in Sources */,
				6E09B2981C9B2AEF00C2A7F3 /* SQLTable.swift in Sources */,
				6E4D68061C949EA700927CFD /* RootView.swift in Sources */,
				6E09B2911C9B1CD100C2A7F3 /* Bill.swift in Sources */,
				6EA603701C95FA2700C44733 /* ProtoCell.swift in Sources */,
				6E4D68081C94A4F200927CFD /* MonthBillList.swift in Sources */,
				6E09B2971C9B2AEF00C2A7F3 /* SQLiteDB.swift in Sources */,
				6E09B28E1C9B1C8500C2A7F3 /* BillManagedObject+CoreDataProperties.swift in Sources */,
			);
			runOnlyForDeploymentPostprocessing = 0;
		};
/* End PBXSourcesBuildPhase section */

/* Begin PBXVariantGroup section */
		6E4D67F51C949C7300927CFD /* Main.storyboard */ = {
			isa = PBXVariantGroup;
			children = (
				6E4D67F61C949C7300927CFD /* Base */,
			);
			name = Main.storyboard;
			sourceTree = "<group>";
		};
		6E4D67FA1C949C7300927CFD /* LaunchScreen.storyboard */ = {
			isa = PBXVariantGroup;
			children = (
				6E4D67FB1C949C7300927CFD /* Base */,
			);
			name = LaunchScreen.storyboard;
			sourceTree = "<group>";
		};
/* End PBXVariantGroup section */

/* Begin XCBuildConfiguration section */
		6E4D67FE1C949C7300927CFD /* Debug */ = {
			isa = XCBuildConfiguration;
			buildSettings = {
				ALWAYS_SEARCH_USER_PATHS = NO;
				CLANG_CXX_LANGUAGE_STANDARD = "gnu++0x";
				CLANG_CXX_LIBRARY = "libc++";
				CLANG_ENABLE_MODULES = YES;
				CLANG_ENABLE_OBJC_ARC = YES;
				CLANG_WARN_BOOL_CONVERSION = YES;
				CLANG_WARN_CONSTANT_CONVERSION = YES;
				CLANG_WARN_DIRECT_OBJC_ISA_USAGE = YES_ERROR;
				CLANG_WARN_EMPTY_BODY = YES;
				CLANG_WARN_ENUM_CONVERSION = YES;
				CLANG_WARN_INT_CONVERSION = YES;
				CLANG_WARN_OBJC_ROOT_CLASS = YES_ERROR;
				CLANG_WARN_UNREACHABLE_CODE = YES;
				CLANG_WARN__DUPLICATE_METHOD_MATCH = YES;
				"CODE_SIGN_IDENTITY[sdk=iphoneos*]" = "iPhone Developer";
				COPY_PHASE_STRIP = NO;
				DEBUG_INFORMATION_FORMAT = dwarf;
				ENABLE_STRICT_OBJC_MSGSEND = YES;
				ENABLE_TESTABILITY = YES;
				GCC_C_LANGUAGE_STANDARD = gnu99;
				GCC_DYNAMIC_NO_PIC = NO;
				GCC_NO_COMMON_BLOCKS = YES;
				GCC_OPTIMIZATION_LEVEL = 0;
				GCC_PREPROCESSOR_DEFINITIONS = (
					"DEBUG=1",
					"$(inherited)",
				);
				GCC_WARN_64_TO_32_BIT_CONVERSION = YES;
				GCC_WARN_ABOUT_RETURN_TYPE = YES_ERROR;
				GCC_WARN_UNDECLARED_SELECTOR = YES;
				GCC_WARN_UNINITIALIZED_AUTOS = YES_AGGRESSIVE;
				GCC_WARN_UNUSED_FUNCTION = YES;
				GCC_WARN_UNUSED_VARIABLE = YES;
				IPHONEOS_DEPLOYMENT_TARGET = 9.2;
				MTL_ENABLE_DEBUG_INFO = YES;
				ONLY_ACTIVE_ARCH = YES;
				SDKROOT = iphoneos;
				SWIFT_OPTIMIZATION_LEVEL = "-Onone";
			};
			name = Debug;
		};
		6E4D67FF1C949C7300927CFD /* Release */ = {
			isa = XCBuildConfiguration;
			buildSettings = {
				ALWAYS_SEARCH_USER_PATHS = NO;
				CLANG_CXX_LANGUAGE_STANDARD = "gnu++0x";
				CLANG_CXX_LIBRARY = "libc++";
				CLANG_ENABLE_MODULES = YES;
				CLANG_ENABLE_OBJC_ARC = YES;
				CLANG_WARN_BOOL_CONVERSION = YES;
				CLANG_WARN_CONSTANT_CONVERSION = YES;
				CLANG_WARN_DIRECT_OBJC_ISA_USAGE = YES_ERROR;
				CLANG_WARN_EMPTY_BODY = YES;
				CLANG_WARN_ENUM_CONVERSION = YES;
				CLANG_WARN_INT_CONVERSION = YES;
				CLANG_WARN_OBJC_ROOT_CLASS = YES_ERROR;
				CLANG_WARN_UNREACHABLE_CODE = YES;
				CLANG_WARN__DUPLICATE_METHOD_MATCH = YES;
				"CODE_SIGN_IDENTITY[sdk=iphoneos*]" = "iPhone Developer";
				COPY_PHASE_STRIP = NO;
				DEBUG_INFORMATION_FORMAT = "dwarf-with-dsym";
				ENABLE_NS_ASSERTIONS = NO;
				ENABLE_STRICT_OBJC_MSGSEND = YES;
				GCC_C_LANGUAGE_STANDARD = gnu99;
				GCC_NO_COMMON_BLOCKS = YES;
				GCC_WARN_64_TO_32_BIT_CONVERSION = YES;
				GCC_WARN_ABOUT_RETURN_TYPE = YES_ERROR;
				GCC_WARN_UNDECLARED_SELECTOR = YES;
				GCC_WARN_UNINITIALIZED_AUTOS = YES_AGGRESSIVE;
				GCC_WARN_UNUSED_FUNCTION = YES;
				GCC_WARN_UNUSED_VARIABLE = YES;
				IPHONEOS_DEPLOYMENT_TARGET = 9.2;
				MTL_ENABLE_DEBUG_INFO = NO;
				SDKROOT = iphoneos;
				VALIDATE_PRODUCT = YES;
			};
			name = Release;
		};
		6E4D68011C949C7300927CFD /* Debug */ = {
			isa = XCBuildConfiguration;
			buildSettings = {
				ASSETCATALOG_COMPILER_APPICON_NAME = AppIcon;
				CLANG_ENABLE_MODULES = YES;
				COPY_HEADERS_RUN_UNIFDEF = NO;
				INFOPLIST_FILE = Bill3/Info.plist;
				LD_RUNPATH_SEARCH_PATHS = "$(inherited) @executable_path/Frameworks";
				PRODUCT_BUNDLE_IDENTIFIER = "MS-BL.superMT.Bill3";
				PRODUCT_NAME = "$(TARGET_NAME)";
				SWIFT_INCLUDE_PATHS = "";
				SWIFT_OBJC_BRIDGING_HEADER = "Bill3/Bill3-Bridging-Header.h";
				SWIFT_OPTIMIZATION_LEVEL = "-Onone";
			};
			name = Debug;
		};
		6E4D68021C949C7300927CFD /* Release */ = {
			isa = XCBuildConfiguration;
			buildSettings = {
				ASSETCATALOG_COMPILER_APPICON_NAME = AppIcon;
				CLANG_ENABLE_MODULES = YES;
				COPY_HEADERS_RUN_UNIFDEF = NO;
				INFOPLIST_FILE = Bill3/Info.plist;
				LD_RUNPATH_SEARCH_PATHS = "$(inherited) @executable_path/Frameworks";
				PRODUCT_BUNDLE_IDENTIFIER = "MS-BL.superMT.Bill3";
				PRODUCT_NAME = "$(TARGET_NAME)";
				SWIFT_INCLUDE_PATHS = "";
				SWIFT_OBJC_BRIDGING_HEADER = "Bill3/Bill3-Bridging-Header.h";
			};
			name = Release;
		};
/* End XCBuildConfiguration section */

/* Begin XCConfigurationList section */
		6E4D67E91C949C7300927CFD /* Build configuration list for PBXProject "Bill3" */ = {
			isa = XCConfigurationList;
			buildConfigurations = (
				6E4D67FE1C949C7300927CFD /* Debug */,
				6E4D67FF1C949C7300927CFD /* Release */,
			);
			defaultConfigurationIsVisible = 0;
			defaultConfigurationName = Release;
		};
		6E4D68001C949C7300927CFD /* Build configuration list for PBXNativeTarget "Bill3" */ = {
			isa = XCConfigurationList;
			buildConfigurations = (
				6E4D68011C949C7300927CFD /* Debug */,
				6E4D68021C949C7300927CFD /* Release */,
			);
			defaultConfigurationIsVisible = 0;
			defaultConfigurationName = Release;
		};
/* End XCConfigurationList section */

/* Begin XCVersionGroup section */
		6E09B2831C9B1AAD00C2A7F3 /* bill.xcdatamodeld */ = {
			isa = XCVersionGroup;
			children = (
				6E09B2841C9B1AAD00C2A7F3 /* bill.xcdatamodel */,
			);
			currentVersion = 6E09B2841C9B1AAD00C2A7F3 /* bill.xcdatamodel */;
			path = bill.xcdatamodeld;
			sourceTree = "<group>";
			versionGroupType = wrapper.xcdatamodel;
		};
/* End XCVersionGroup section */
	};
	rootObject = 6E4D67E61C949C7300927CFD /* Project object */;
}
